
Microsoft Visual Studio Solution File, Format Version 12.00
# Visual Studio Version 16
VisualStudioVersion = 16.0.30002.166
MinimumVisualStudioVersion = 10.0.40219.1
Project("{9A19103F-16F7-4668-BE54-9A1E7A4F7556}") = "YourShipping.Monitor.Client", "YourShipping.Monitor\Client\YourShipping.Monitor.Client.csproj", "{AB5FFA40-6965-41D5-88AE-88586811F0AD}"
EndProject
Project("{9A19103F-16F7-4668-BE54-9A1E7A4F7556}") = "YourShipping.Monitor.Server", "YourShipping.Monitor\Server\YourShipping.Monitor.Server.csproj", "{F187EB05-FE53-4B1B-A59D-56EAEA0884DA}"
EndProject
Project("{9A19103F-16F7-4668-BE54-9A1E7A4F7556}") = "YourShipping.Monitor.Shared", "YourShipping.Monitor\Shared\YourShipping.Monitor.Shared.csproj", "{5B15DA7C-8DF4-4ADD-A35E-760469380261}"
EndProject
Project("{2150E333-8FDC-42A3-9474-1A3956D46DE8}") = "src", "src", "{83F79939-C6BB-4BA2-81AE-0FF4DF4543CF}"
EndProject
Project("{FAE04EC0-301F-11D3-BF4B-00C04F79EFBC}") = "YourShipping.Monitor.Tests", "YourShipping.Monitor.Tests\YourShipping.Monitor.Tests.csproj", "{2B641841-1903-4D79-957E-36BC041255C4}"
EndProject
Global
	GlobalSection(SolutionConfigurationPlatforms) = preSolution
		Debug|Any CPU = Debug|Any CPU
		Release|Any CPU = Release|Any CPU
	EndGlobalSection
	GlobalSection(ProjectConfigurationPlatforms) = postSolution
		{AB5FFA40-6965-41D5-88AE-88586811F0AD}.Debug|Any CPU.ActiveCfg = Debug|Any CPU
		{AB5FFA40-6965-41D5-88AE-88586811F0AD}.Debug|Any CPU.Build.0 = Debug|Any CPU
		{AB5FFA40-6965-41D5-88AE-88586811F0AD}.Release|Any CPU.ActiveCfg = Release|Any CPU
		{AB5FFA40-6965-41D5-88AE-88586811F0AD}.Release|Any CPU.Build.0 = Release|Any CPU
		{F187EB05-FE53-4B1B-A59D-56EAEA0884DA}.Debug|Any CPU.ActiveCfg = Debug|Any CPU
		{F187EB05-FE53-4B1B-A59D-56EAEA0884DA}.Debug|Any CPU.Build.0 = Debug|Any CPU
		{F187EB05-FE53-4B1B-A59D-56EAEA0884DA}.Release|Any CPU.ActiveCfg = Release|Any CPU
		{F187EB05-FE53-4B1B-A59D-56EAEA0884DA}.Release|Any CPU.Build.0 = Release|Any CPU
		{5B15DA7C-8DF4-4ADD-A35E-760469380261}.Debug|Any CPU.ActiveCfg = Debug|Any CPU
		{5B15DA7C-8DF4-4ADD-A35E-760469380261}.Debug|Any CPU.Build.0 = Debug|Any CPU
		{5B15DA7C-8DF4-4ADD-A35E-760469380261}.Release|Any CPU.ActiveCfg = Release|Any CPU
		{5B15DA7C-8DF4-4ADD-A35E-760469380261}.Release|Any CPU.Build.0 = Release|Any CPU
		{2B641841-1903-4D79-957E-36BC041255C4}.Debug|Any CPU.ActiveCfg = Debug|Any CPU
		{2B641841-1903-4D79-957E-36BC041255C4}.Debug|Any CPU.Build.0 = Debug|Any CPU
		{2B641841-1903-4D79-957E-36BC041255C4}.Release|Any CPU.ActiveCfg = Release|Any CPU
		{2B641841-1903-4D79-957E-36BC041255C4}.Release|Any CPU.Build.0 = Release|Any CPU
	EndGlobalSection
	GlobalSection(SolutionProperties) = preSolution
		HideSolutionNode = FALSE
	EndGlobalSection
	GlobalSection(NestedProjects) = preSolution
		{AB5FFA40-6965-41D5-88AE-88586811F0AD} = {83F79939-C6BB-4BA2-81AE-0FF4DF4543CF}
		{F187EB05-FE53-4B1B-A59D-56EAEA0884DA} = {83F79939-C6BB-4BA2-81AE-0FF4DF4543CF}
		{5B15DA7C-8DF4-4ADD-A35E-760469380261} = {83F79939-C6BB-4BA2-81AE-0FF4DF4543CF}
	EndGlobalSection
	GlobalSection(ExtensibilityGlobals) = postSolution
		SolutionGuid = {98E47196-372F-4EB0-A332-87ABDE579A5B}
	EndGlobalSection
EndGlobal
